// !$*UTF8*$!
{
	archiveVersion = 1;
	classes = {
	};
	objectVersion = 56;
	objects = {

/* Begin PBXBuildFile section */
		3E20CF762B990836001A6B6D /* AppDelegate.swift in Sources */ = {isa = PBXBuildFile; fileRef = 3E20CF752B990836001A6B6D /* AppDelegate.swift */; };
		3E20CF782B990836001A6B6D /* SceneDelegate.swift in Sources */ = {isa = PBXBuildFile; fileRef = 3E20CF772B990836001A6B6D /* SceneDelegate.swift */; };
		3E20CF7A2B990836001A6B6D /* ViewController.swift in Sources */ = {isa = PBXBuildFile; fileRef = 3E20CF792B990836001A6B6D /* ViewController.swift */; };
		3E20CF7D2B990836001A6B6D /* Main.storyboard in Resources */ = {isa = PBXBuildFile; fileRef = 3E20CF7B2B990836001A6B6D /* Main.storyboard */; };
		3E20CF822B990837001A6B6D /* LaunchScreen.storyboard in Resources */ = {isa = PBXBuildFile; fileRef = 3E20CF802B990837001A6B6D /* LaunchScreen.storyboard */; };
		3E20CF912B990B73001A6B6D /* MainTabController.swift in Sources */ = {isa = PBXBuildFile; fileRef = 3E20CF902B990B73001A6B6D /* MainTabController.swift */; };
		3E20CF932B990D1B001A6B6D /* FeedController.swift in Sources */ = {isa = PBXBuildFile; fileRef = 3E20CF922B990D1B001A6B6D /* FeedController.swift */; };
		3E20CF952B990D31001A6B6D /* SearchController.swift in Sources */ = {isa = PBXBuildFile; fileRef = 3E20CF942B990D31001A6B6D /* SearchController.swift */; };
		3E20CF972B990D46001A6B6D /* ImageSelectorController.swift in Sources */ = {isa = PBXBuildFile; fileRef = 3E20CF962B990D46001A6B6D /* ImageSelectorController.swift */; };
		3E20CF992B990D59001A6B6D /* NotificationsController.swift in Sources */ = {isa = PBXBuildFile; fileRef = 3E20CF982B990D59001A6B6D /* NotificationsController.swift */; };
		3E20CF9B2B990D69001A6B6D /* ProfileController.swift in Sources */ = {isa = PBXBuildFile; fileRef = 3E20CF9A2B990D69001A6B6D /* ProfileController.swift */; };
		3E20CF9D2B99111E001A6B6D /* Assets.xcassets in Resources */ = {isa = PBXBuildFile; fileRef = 3E20CF9C2B99111E001A6B6D /* Assets.xcassets */; };
		3E24E64A2BB73C9A00A1B1D6 /* GoogleService-Info.plist in Resources */ = {isa = PBXBuildFile; fileRef = 3E24E6492BB73C9A00A1B1D6 /* GoogleService-Info.plist */; };
		3E2E05412BA22157007096B6 /* Extensions.swift in Sources */ = {isa = PBXBuildFile; fileRef = 3E2E05402BA22157007096B6 /* Extensions.swift */; };
		3E2E05442BA36970007096B6 /* LoginController.swift in Sources */ = {isa = PBXBuildFile; fileRef = 3E2E05432BA36970007096B6 /* LoginController.swift */; };
		3E2E05462BA3697C007096B6 /* RegistrationController.swift in Sources */ = {isa = PBXBuildFile; fileRef = 3E2E05452BA3697C007096B6 /* RegistrationController.swift */; };
		3E5914BA2BA8CAED00247513 /* AuthenticationViewModel.swift in Sources */ = {isa = PBXBuildFile; fileRef = 3E5914B92BA8CAED00247513 /* AuthenticationViewModel.swift */; };
		3E940CB12B9B981B00939B0B /* FeedCell.swift in Sources */ = {isa = PBXBuildFile; fileRef = 3E940CB02B9B981B00939B0B /* FeedCell.swift */; };
		3EA7544C2BA3BE8D00C205AE /* CustomTextField.swift in Sources */ = {isa = PBXBuildFile; fileRef = 3EA7544B2BA3BE8D00C205AE /* CustomTextField.swift */; };
		9AE7A11225DBBC6D917A010E /* Pods_InstagramFirestoreClone.framework in Frameworks */ = {isa = PBXBuildFile; fileRef = F3C0C81E277360923B331C7A /* Pods_InstagramFirestoreClone.framework */; };
/* End PBXBuildFile section */

/* Begin PBXFileReference section */
		0897E2DE8471618F10C64B4E /* Pods-InstagramFirestoreClone.release.xcconfig */ = {isa = PBXFileReference; includeInIndex = 1; lastKnownFileType = text.xcconfig; name = "Pods-InstagramFirestoreClone.release.xcconfig"; path = "Target Support Files/Pods-InstagramFirestoreClone/Pods-InstagramFirestoreClone.release.xcconfig"; sourceTree = "<group>"; };
		3E20CF722B990836001A6B6D /* InstagramFirestoreClone.app */ = {isa = PBXFileReference; explicitFileType = wrapper.application; includeInIndex = 0; path = InstagramFirestoreClone.app; sourceTree = BUILT_PRODUCTS_DIR; };
		3E20CF752B990836001A6B6D /* AppDelegate.swift */ = {isa = PBXFileReference; lastKnownFileType = sourcecode.swift; path = AppDelegate.swift; sourceTree = "<group>"; };
		3E20CF772B990836001A6B6D /* SceneDelegate.swift */ = {isa = PBXFileReference; lastKnownFileType = sourcecode.swift; path = SceneDelegate.swift; sourceTree = "<group>"; };
		3E20CF792B990836001A6B6D /* ViewController.swift */ = {isa = PBXFileReference; lastKnownFileType = sourcecode.swift; path = ViewController.swift; sourceTree = "<group>"; };
		3E20CF7C2B990836001A6B6D /* Base */ = {isa = PBXFileReference; lastKnownFileType = file.storyboard; name = Base; path = Base.lproj/Main.storyboard; sourceTree = "<group>"; };
		3E20CF812B990837001A6B6D /* Base */ = {isa = PBXFileReference; lastKnownFileType = file.storyboard; name = Base; path = Base.lproj/LaunchScreen.storyboard; sourceTree = "<group>"; };
		3E20CF832B990837001A6B6D /* Info.plist */ = {isa = PBXFileReference; lastKnownFileType = text.plist.xml; path = Info.plist; sourceTree = "<group>"; };
		3E20CF902B990B73001A6B6D /* MainTabController.swift */ = {isa = PBXFileReference; lastKnownFileType = sourcecode.swift; path = MainTabController.swift; sourceTree = "<group>"; };
		3E20CF922B990D1B001A6B6D /* FeedController.swift */ = {isa = PBXFileReference; lastKnownFileType = sourcecode.swift; path = FeedController.swift; sourceTree = "<group>"; };
		3E20CF942B990D31001A6B6D /* SearchController.swift */ = {isa = PBXFileReference; lastKnownFileType = sourcecode.swift; path = SearchController.swift; sourceTree = "<group>"; };
		3E20CF962B990D46001A6B6D /* ImageSelectorController.swift */ = {isa = PBXFileReference; lastKnownFileType = sourcecode.swift; path = ImageSelectorController.swift; sourceTree = "<group>"; };
		3E20CF982B990D59001A6B6D /* NotificationsController.swift */ = {isa = PBXFileReference; lastKnownFileType = sourcecode.swift; path = NotificationsController.swift; sourceTree = "<group>"; };
		3E20CF9A2B990D69001A6B6D /* ProfileController.swift */ = {isa = PBXFileReference; lastKnownFileType = sourcecode.swift; path = ProfileController.swift; sourceTree = "<group>"; };
		3E20CF9C2B99111E001A6B6D /* Assets.xcassets */ = {isa = PBXFileReference; lastKnownFileType = folder.assetcatalog; name = Assets.xcassets; path = ../../../../Downloads/Assets.xcassets; sourceTree = "<group>"; };
		3E24E6492BB73C9A00A1B1D6 /* GoogleService-Info.plist */ = {isa = PBXFileReference; fileEncoding = 4; lastKnownFileType = text.plist.xml; path = "GoogleService-Info.plist"; sourceTree = "<group>"; };
		3E2E05402BA22157007096B6 /* Extensions.swift */ = {isa = PBXFileReference; lastKnownFileType = sourcecode.swift; path = Extensions.swift; sourceTree = "<group>"; };
		3E2E05432BA36970007096B6 /* LoginController.swift */ = {isa = PBXFileReference; lastKnownFileType = sourcecode.swift; path = LoginController.swift; sourceTree = "<group>"; };
		3E2E05452BA3697C007096B6 /* RegistrationController.swift */ = {isa = PBXFileReference; lastKnownFileType = sourcecode.swift; path = RegistrationController.swift; sourceTree = "<group>"; };
		3E5914B92BA8CAED00247513 /* AuthenticationViewModel.swift */ = {isa = PBXFileReference; lastKnownFileType = sourcecode.swift; path = AuthenticationViewModel.swift; sourceTree = "<group>"; };
		3E940CB02B9B981B00939B0B /* FeedCell.swift */ = {isa = PBXFileReference; lastKnownFileType = sourcecode.swift; path = FeedCell.swift; sourceTree = "<group>"; };
		3EA7544B2BA3BE8D00C205AE /* CustomTextField.swift */ = {isa = PBXFileReference; lastKnownFileType = sourcecode.swift; path = CustomTextField.swift; sourceTree = "<group>"; };
		9ED180760A247BE9E355178F /* Pods-InstagramFirestoreClone.debug.xcconfig */ = {isa = PBXFileReference; includeInIndex = 1; lastKnownFileType = text.xcconfig; name = "Pods-InstagramFirestoreClone.debug.xcconfig"; path = "Target Support Files/Pods-InstagramFirestoreClone/Pods-InstagramFirestoreClone.debug.xcconfig"; sourceTree = "<group>"; };
		F3C0C81E277360923B331C7A /* Pods_InstagramFirestoreClone.framework */ = {isa = PBXFileReference; explicitFileType = wrapper.framework; includeInIndex = 0; path = Pods_InstagramFirestoreClone.framework; sourceTree = BUILT_PRODUCTS_DIR; };
/* End PBXFileReference section */

/* Begin PBXFrameworksBuildPhase section */
		3E20CF6F2B990836001A6B6D /* Frameworks */ = {
			isa = PBXFrameworksBuildPhase;
			buildActionMask = 2147483647;
			files = (
				9AE7A11225DBBC6D917A010E /* Pods_InstagramFirestoreClone.framework in Frameworks */,
			);
			runOnlyForDeploymentPostprocessing = 0;
		};
/* End PBXFrameworksBuildPhase section */

/* Begin PBXGroup section */
		3E20CF692B990836001A6B6D = {
			isa = PBXGroup;
			children = (
				3E20CF742B990836001A6B6D /* InstagramFirestoreClone */,
				3E20CF732B990836001A6B6D /* Products */,
				57CE94AFEC08B651C4B36945 /* Pods */,
				63C7EA76AB4E634CD9E4BBEB /* Frameworks */,
			);
			sourceTree = "<group>";
		};
		3E20CF732B990836001A6B6D /* Products */ = {
			isa = PBXGroup;
			children = (
				3E20CF722B990836001A6B6D /* InstagramFirestoreClone.app */,
			);
			name = Products;
			sourceTree = "<group>";
		};
		3E20CF742B990836001A6B6D /* InstagramFirestoreClone */ = {
			isa = PBXGroup;
			children = (
				3E20CF8F2B990AE0001A6B6D /* Model */,
				3E20CF8E2B990ADF001A6B6D /* View */,
				3E20CF8D2B990ADD001A6B6D /* ViewModel */,
				3E20CF8C2B990ADB001A6B6D /* Controller */,
				3E20CF8B2B990AD9001A6B6D /* Api */,
				3E20CF8A2B990AD7001A6B6D /* Utils */,
				3E20CF752B990836001A6B6D /* AppDelegate.swift */,
				3E20CF772B990836001A6B6D /* SceneDelegate.swift */,
				3E20CF792B990836001A6B6D /* ViewController.swift */,
				3E20CF7B2B990836001A6B6D /* Main.storyboard */,
				3E20CF9C2B99111E001A6B6D /* Assets.xcassets */,
				3E20CF802B990837001A6B6D /* LaunchScreen.storyboard */,
				3E20CF832B990837001A6B6D /* Info.plist */,
				3E24E6492BB73C9A00A1B1D6 /* GoogleService-Info.plist */,
			);
			path = InstagramFirestoreClone;
			sourceTree = "<group>";
		};
		3E20CF8A2B990AD7001A6B6D /* Utils */ = {
			isa = PBXGroup;
			children = (
				3E2E05402BA22157007096B6 /* Extensions.swift */,
			);
			path = Utils;
			sourceTree = "<group>";
		};
		3E20CF8B2B990AD9001A6B6D /* Api */ = {
			isa = PBXGroup;
			children = (
			);
			path = Api;
			sourceTree = "<group>";
		};
		3E20CF8C2B990ADB001A6B6D /* Controller */ = {
			isa = PBXGroup;
			children = (
				3E2E05422BA3695E007096B6 /* Authentication */,
				3E20CF902B990B73001A6B6D /* MainTabController.swift */,
				3E20CF922B990D1B001A6B6D /* FeedController.swift */,
				3E20CF942B990D31001A6B6D /* SearchController.swift */,
				3E20CF962B990D46001A6B6D /* ImageSelectorController.swift */,
				3E20CF982B990D59001A6B6D /* NotificationsController.swift */,
				3E20CF9A2B990D69001A6B6D /* ProfileController.swift */,
			);
			path = Controller;
			sourceTree = "<group>";
		};
		3E20CF8D2B990ADD001A6B6D /* ViewModel */ = {
			isa = PBXGroup;
			children = (
				3E5914B92BA8CAED00247513 /* AuthenticationViewModel.swift */,
			);
			path = ViewModel;
			sourceTree = "<group>";
		};
		3E20CF8E2B990ADF001A6B6D /* View */ = {
			isa = PBXGroup;
			children = (
				3E940CB02B9B981B00939B0B /* FeedCell.swift */,
				3EA7544B2BA3BE8D00C205AE /* CustomTextField.swift */,
			);
			path = View;
			sourceTree = "<group>";
		};
		3E20CF8F2B990AE0001A6B6D /* Model */ = {
			isa = PBXGroup;
			children = (
			);
			path = Model;
			sourceTree = "<group>";
		};
		3E2E05422BA3695E007096B6 /* Authentication */ = {
			isa = PBXGroup;
			children = (
				3E2E05432BA36970007096B6 /* LoginController.swift */,
				3E2E05452BA3697C007096B6 /* RegistrationController.swift */,
			);
			path = Authentication;
			sourceTree = "<group>";
		};
		57CE94AFEC08B651C4B36945 /* Pods */ = {
			isa = PBXGroup;
			children = (
				9ED180760A247BE9E355178F /* Pods-InstagramFirestoreClone.debug.xcconfig */,
				0897E2DE8471618F10C64B4E /* Pods-InstagramFirestoreClone.release.xcconfig */,
			);
			path = Pods;
			sourceTree = "<group>";
		};
		63C7EA76AB4E634CD9E4BBEB /* Frameworks */ = {
			isa = PBXGroup;
			children = (
				F3C0C81E277360923B331C7A /* Pods_InstagramFirestoreClone.framework */,
			);
			name = Frameworks;
			sourceTree = "<group>";
		};
/* End PBXGroup section */

/* Begin PBXNativeTarget section */
		3E20CF712B990836001A6B6D /* InstagramFirestoreClone */ = {
			isa = PBXNativeTarget;
			buildConfigurationList = 3E20CF862B990837001A6B6D /* Build configuration list for PBXNativeTarget "InstagramFirestoreClone" */;
			buildPhases = (
				CEF3A7C2D9C79344EC1C5989 /* [CP] Check Pods Manifest.lock */,
				3E20CF6E2B990836001A6B6D /* Sources */,
				3E20CF6F2B990836001A6B6D /* Frameworks */,
				3E20CF702B990836001A6B6D /* Resources */,
				C0CE00478C4CCB0DDA37463E /* [CP] Embed Pods Frameworks */,
			);
			buildRules = (
			);
			dependencies = (
			);
			name = InstagramFirestoreClone;
			productName = InstagramFirestoreClone;
			productReference = 3E20CF722B990836001A6B6D /* InstagramFirestoreClone.app */;
			productType = "com.apple.product-type.application";
		};
/* End PBXNativeTarget section */

/* Begin PBXProject section */
		3E20CF6A2B990836001A6B6D /* Project object */ = {
			isa = PBXProject;
			attributes = {
				BuildIndependentTargetsInParallel = 1;
				LastSwiftUpdateCheck = 1430;
				LastUpgradeCheck = 1430;
				TargetAttributes = {
					3E20CF712B990836001A6B6D = {
						CreatedOnToolsVersion = 14.3;
					};
				};
			};
			buildConfigurationList = 3E20CF6D2B990836001A6B6D /* Build configuration list for PBXProject "InstagramFirestoreClone" */;
			compatibilityVersion = "Xcode 14.0";
			developmentRegion = en;
			hasScannedForEncodings = 0;
			knownRegions = (
				en,
				Base,
			);
			mainGroup = 3E20CF692B990836001A6B6D;
			productRefGroup = 3E20CF732B990836001A6B6D /* Products */;
			projectDirPath = "";
			projectRoot = "";
			targets = (
				3E20CF712B990836001A6B6D /* InstagramFirestoreClone */,
			);
		};
/* End PBXProject section */

/* Begin PBXResourcesBuildPhase section */
		3E20CF702B990836001A6B6D /* Resources */ = {
			isa = PBXResourcesBuildPhase;
			buildActionMask = 2147483647;
			files = (
				3E20CF822B990837001A6B6D /* LaunchScreen.storyboard in Resources */,
				3E20CF9D2B99111E001A6B6D /* Assets.xcassets in Resources */,
				3E24E64A2BB73C9A00A1B1D6 /* GoogleService-Info.plist in Resources */,
				3E20CF7D2B990836001A6B6D /* Main.storyboard in Resources */,
			);
			runOnlyForDeploymentPostprocessing = 0;
		};
/* End PBXResourcesBuildPhase section */

/* Begin PBXShellScriptBuildPhase section */
		C0CE00478C4CCB0DDA37463E /* [CP] Embed Pods Frameworks */ = {
			isa = PBXShellScriptBuildPhase;
			buildActionMask = 2147483647;
			files = (
			);
			inputFileListPaths = (
				"${PODS_ROOT}/Target Support Files/Pods-InstagramFirestoreClone/Pods-InstagramFirestoreClone-frameworks-${CONFIGURATION}-input-files.xcfilelist",
			);
			name = "[CP] Embed Pods Frameworks";
			outputFileListPaths = (
				"${PODS_ROOT}/Target Support Files/Pods-InstagramFirestoreClone/Pods-InstagramFirestoreClone-frameworks-${CONFIGURATION}-output-files.xcfilelist",
			);
			runOnlyForDeploymentPostprocessing = 0;
			shellPath = /bin/sh;
			shellScript = "\"${PODS_ROOT}/Target Support Files/Pods-InstagramFirestoreClone/Pods-InstagramFirestoreClone-frameworks.sh\"\n";
			showEnvVarsInLog = 0;
		};
		CEF3A7C2D9C79344EC1C5989 /* [CP] Check Pods Manifest.lock */ = {
			isa = PBXShellScriptBuildPhase;
			buildActionMask = 2147483647;
			files = (
			);
			inputFileListPaths = (
			);
			inputPaths = (
				"${PODS_PODFILE_DIR_PATH}/Podfile.lock",
				"${PODS_ROOT}/Manifest.lock",
			);
			name = "[CP] Check Pods Manifest.lock";
			outputFileListPaths = (
			);
			outputPaths = (
				"$(DERIVED_FILE_DIR)/Pods-InstagramFirestoreClone-checkManifestLockResult.txt",
			);
			runOnlyForDeploymentPostprocessing = 0;
			shellPath = /bin/sh;
			shellScript = "diff \"${PODS_PODFILE_DIR_PATH}/Podfile.lock\" \"${PODS_ROOT}/Manifest.lock\" > /dev/null\nif [ $? != 0 ] ; then\n    # print error to STDERR\n    echo \"error: The sandbox is not in sync with the Podfile.lock. Run 'pod install' or update your CocoaPods installation.\" >&2\n    exit 1\nfi\n# This output is used by Xcode 'outputs' to avoid re-running this script phase.\necho \"SUCCESS\" > \"${SCRIPT_OUTPUT_FILE_0}\"\n";
			showEnvVarsInLog = 0;
		};
/* End PBXShellScriptBuildPhase section */

/* Begin PBXSourcesBuildPhase section */
		3E20CF6E2B990836001A6B6D /* Sources */ = {
			isa = PBXSourcesBuildPhase;
			buildActionMask = 2147483647;
			files = (
				3EA7544C2BA3BE8D00C205AE /* CustomTextField.swift in Sources */,
				3E20CF7A2B990836001A6B6D /* ViewController.swift in Sources */,
				3E2E05462BA3697C007096B6 /* RegistrationController.swift in Sources */,
				3E2E05442BA36970007096B6 /* LoginController.swift in Sources */,
				3E940CB12B9B981B00939B0B /* FeedCell.swift in Sources */,
				3E20CF972B990D46001A6B6D /* ImageSelectorController.swift in Sources */,
				3E5914BA2BA8CAED00247513 /* AuthenticationViewModel.swift in Sources */,
				3E20CF952B990D31001A6B6D /* SearchController.swift in Sources */,
				3E20CF762B990836001A6B6D /* AppDelegate.swift in Sources */,
				3E20CF932B990D1B001A6B6D /* FeedController.swift in Sources */,
				3E20CF9B2B990D69001A6B6D /* ProfileController.swift in Sources */,
				3E20CF912B990B73001A6B6D /* MainTabController.swift in Sources */,
				3E20CF992B990D59001A6B6D /* NotificationsController.swift in Sources */,
				3E2E05412BA22157007096B6 /* Extensions.swift in Sources */,
				3E20CF782B990836001A6B6D /* SceneDelegate.swift in Sources */,
			);
			runOnlyForDeploymentPostprocessing = 0;
		};
/* End PBXSourcesBuildPhase section */

/* Begin PBXVariantGroup section */
		3E20CF7B2B990836001A6B6D /* Main.storyboard */ = {
			isa = PBXVariantGroup;
			children = (
				3E20CF7C2B990836001A6B6D /* Base */,
			);
			name = Main.storyboard;
			sourceTree = "<group>";
		};
		3E20CF802B990837001A6B6D /* LaunchScreen.storyboard */ = {
			isa = PBXVariantGroup;
			children = (
				3E20CF812B990837001A6B6D /* Base */,
			);
			name = LaunchScreen.storyboard;
			sourceTree = "<group>";
		};
/* End PBXVariantGroup section */

/* Begin XCBuildConfiguration section */
		3E20CF842B990837001A6B6D /* Debug */ = {
			isa = XCBuildConfiguration;
			buildSettings = {
				ALWAYS_SEARCH_USER_PATHS = NO;
				CLANG_ANALYZER_NONNULL = YES;
				CLANG_ANALYZER_NUMBER_OBJECT_CONVERSION = YES_AGGRESSIVE;
				CLANG_CXX_LANGUAGE_STANDARD = "gnu++20";
				CLANG_ENABLE_MODULES = YES;
				CLANG_ENABLE_OBJC_ARC = YES;
				CLANG_ENABLE_OBJC_WEAK = YES;
				CLANG_WARN_BLOCK_CAPTURE_AUTORELEASING = YES;
				CLANG_WARN_BOOL_CONVERSION = YES;
				CLANG_WARN_COMMA = YES;
				CLANG_WARN_CONSTANT_CONVERSION = YES;
				CLANG_WARN_DEPRECATED_OBJC_IMPLEMENTATIONS = YES;
				CLANG_WARN_DIRECT_OBJC_ISA_USAGE = YES_ERROR;
				CLANG_WARN_DOCUMENTATION_COMMENTS = YES;
				CLANG_WARN_EMPTY_BODY = YES;
				CLANG_WARN_ENUM_CONVERSION = YES;
				CLANG_WARN_INFINITE_RECURSION = YES;
				CLANG_WARN_INT_CONVERSION = YES;
				CLANG_WARN_NON_LITERAL_NULL_CONVERSION = YES;
				CLANG_WARN_OBJC_IMPLICIT_RETAIN_SELF = YES;
				CLANG_WARN_OBJC_LITERAL_CONVERSION = YES;
				CLANG_WARN_OBJC_ROOT_CLASS = YES_ERROR;
				CLANG_WARN_QUOTED_INCLUDE_IN_FRAMEWORK_HEADER = YES;
				CLANG_WARN_RANGE_LOOP_ANALYSIS = YES;
				CLANG_WARN_STRICT_PROTOTYPES = YES;
				CLANG_WARN_SUSPICIOUS_MOVE = YES;
				CLANG_WARN_UNGUARDED_AVAILABILITY = YES_AGGRESSIVE;
				CLANG_WARN_UNREACHABLE_CODE = YES;
				CLANG_WARN__DUPLICATE_METHOD_MATCH = YES;
				COPY_PHASE_STRIP = NO;
				DEBUG_INFORMATION_FORMAT = dwarf;
				ENABLE_STRICT_OBJC_MSGSEND = YES;
				ENABLE_TESTABILITY = YES;
				GCC_C_LANGUAGE_STANDARD = gnu11;
				GCC_DYNAMIC_NO_PIC = NO;
				GCC_NO_COMMON_BLOCKS = YES;
				GCC_OPTIMIZATION_LEVEL = 0;
				GCC_PREPROCESSOR_DEFINITIONS = (
					"DEBUG=1",
					"$(inherited)",
				);
				GCC_WARN_64_TO_32_BIT_CONVERSION = YES;
				GCC_WARN_ABOUT_RETURN_TYPE = YES_ERROR;
				GCC_WARN_UNDECLARED_SELECTOR = YES;
				GCC_WARN_UNINITIALIZED_AUTOS = YES_AGGRESSIVE;
				GCC_WARN_UNUSED_FUNCTION = YES;
				GCC_WARN_UNUSED_VARIABLE = YES;
				IPHONEOS_DEPLOYMENT_TARGET = 16.4;
				MTL_ENABLE_DEBUG_INFO = INCLUDE_SOURCE;
				MTL_FAST_MATH = YES;
				ONLY_ACTIVE_ARCH = YES;
				SDKROOT = iphoneos;
				SWIFT_ACTIVE_COMPILATION_CONDITIONS = DEBUG;
				SWIFT_OPTIMIZATION_LEVEL = "-Onone";
			};
			name = Debug;
		};
		3E20CF852B990837001A6B6D /* Release */ = {
			isa = XCBuildConfiguration;
			buildSettings = {
				ALWAYS_SEARCH_USER_PATHS = NO;
				CLANG_ANALYZER_NONNULL = YES;
				CLANG_ANALYZER_NUMBER_OBJECT_CONVERSION = YES_AGGRESSIVE;
				CLANG_CXX_LANGUAGE_STANDARD = "gnu++20";
				CLANG_ENABLE_MODULES = YES;
				CLANG_ENABLE_OBJC_ARC = YES;
				CLANG_ENABLE_OBJC_WEAK = YES;
				CLANG_WARN_BLOCK_CAPTURE_AUTORELEASING = YES;
				CLANG_WARN_BOOL_CONVERSION = YES;
				CLANG_WARN_COMMA = YES;
				CLANG_WARN_CONSTANT_CONVERSION = YES;
				CLANG_WARN_DEPRECATED_OBJC_IMPLEMENTATIONS = YES;
				CLANG_WARN_DIRECT_OBJC_ISA_USAGE = YES_ERROR;
				CLANG_WARN_DOCUMENTATION_COMMENTS = YES;
				CLANG_WARN_EMPTY_BODY = YES;
				CLANG_WARN_ENUM_CONVERSION = YES;
				CLANG_WARN_INFINITE_RECURSION = YES;
				CLANG_WARN_INT_CONVERSION = YES;
				CLANG_WARN_NON_LITERAL_NULL_CONVERSION = YES;
				CLANG_WARN_OBJC_IMPLICIT_RETAIN_SELF = YES;
				CLANG_WARN_OBJC_LITERAL_CONVERSION = YES;
				CLANG_WARN_OBJC_ROOT_CLASS = YES_ERROR;
				CLANG_WARN_QUOTED_INCLUDE_IN_FRAMEWORK_HEADER = YES;
				CLANG_WARN_RANGE_LOOP_ANALYSIS = YES;
				CLANG_WARN_STRICT_PROTOTYPES = YES;
				CLANG_WARN_SUSPICIOUS_MOVE = YES;
				CLANG_WARN_UNGUARDED_AVAILABILITY = YES_AGGRESSIVE;
				CLANG_WARN_UNREACHABLE_CODE = YES;
				CLANG_WARN__DUPLICATE_METHOD_MATCH = YES;
				COPY_PHASE_STRIP = NO;
				DEBUG_INFORMATION_FORMAT = "dwarf-with-dsym";
				ENABLE_NS_ASSERTIONS = NO;
				ENABLE_STRICT_OBJC_MSGSEND = YES;
				GCC_C_LANGUAGE_STANDARD = gnu11;
				GCC_NO_COMMON_BLOCKS = YES;
				GCC_WARN_64_TO_32_BIT_CONVERSION = YES;
				GCC_WARN_ABOUT_RETURN_TYPE = YES_ERROR;
				GCC_WARN_UNDECLARED_SELECTOR = YES;
				GCC_WARN_UNINITIALIZED_AUTOS = YES_AGGRESSIVE;
				GCC_WARN_UNUSED_FUNCTION = YES;
				GCC_WARN_UNUSED_VARIABLE = YES;
				IPHONEOS_DEPLOYMENT_TARGET = 16.4;
				MTL_ENABLE_DEBUG_INFO = NO;
				MTL_FAST_MATH = YES;
				SDKROOT = iphoneos;
				SWIFT_COMPILATION_MODE = wholemodule;
				SWIFT_OPTIMIZATION_LEVEL = "-O";
				VALIDATE_PRODUCT = YES;
			};
			name = Release;
		};
		3E20CF872B990837001A6B6D /* Debug */ = {
			isa = XCBuildConfiguration;
			baseConfigurationReference = 9ED180760A247BE9E355178F /* Pods-InstagramFirestoreClone.debug.xcconfig */;
			buildSettings = {
				ASSETCATALOG_COMPILER_APPICON_NAME = AppIcon;
				ASSETCATALOG_COMPILER_GLOBAL_ACCENT_COLOR_NAME = AccentColor;
				CLANG_ENABLE_OBJC_ARC_EXCEPTIONS = NO;
				CODE_SIGN_STYLE = Automatic;
				CURRENT_PROJECT_VERSION = 1;
				GENERATE_INFOPLIST_FILE = YES;
				INFOPLIST_FILE = InstagramFirestoreClone/Info.plist;
				INFOPLIST_KEY_UIApplicationSupportsIndirectInputEvents = YES;
				INFOPLIST_KEY_UILaunchStoryboardName = LaunchScreen;
				INFOPLIST_KEY_UIMainStoryboardFile = Main;
				INFOPLIST_KEY_UISupportedInterfaceOrientations_iPad = "UIInterfaceOrientationPortrait UIInterfaceOrientationPortraitUpsideDown UIInterfaceOrientationLandscapeLeft UIInterfaceOrientationLandscapeRight";
				INFOPLIST_KEY_UISupportedInterfaceOrientations_iPhone = "UIInterfaceOrientationPortrait UIInterfaceOrientationLandscapeLeft UIInterfaceOrientationLandscapeRight";
				LD_RUNPATH_SEARCH_PATHS = (
					"$(inherited)",
					"@executable_path/Frameworks",
				);
				MARKETING_VERSION = 1.0;
				PRODUCT_BUNDLE_IDENTIFIER = com.nicholasStamoulis.InstagramFirestoreClone;
				PRODUCT_NAME = "$(TARGET_NAME)";
				SWIFT_EMIT_LOC_STRINGS = YES;
				SWIFT_VERSION = 5.0;
				TARGETED_DEVICE_FAMILY = "1,2";
			};
			name = Debug;
		};
		3E20CF882B990837001A6B6D /* Release */ = {
			isa = XCBuildConfiguration;
			baseConfigurationReference = 0897E2DE8471618F10C64B4E /* Pods-InstagramFirestoreClone.release.xcconfig */;
			buildSettings = {
				ASSETCATALOG_COMPILER_APPICON_NAME = AppIcon;
				ASSETCATALOG_COMPILER_GLOBAL_ACCENT_COLOR_NAME = AccentColor;
				CLANG_ENABLE_OBJC_ARC_EXCEPTIONS = NO;
				CODE_SIGN_STYLE = Automatic;
				CURRENT_PROJECT_VERSION = 1;
				GENERATE_INFOPLIST_FILE = YES;
				INFOPLIST_FILE = InstagramFirestoreClone/Info.plist;
				INFOPLIST_KEY_UIApplicationSupportsIndirectInputEvents = YES;
				INFOPLIST_KEY_UILaunchStoryboardName = LaunchScreen;
				INFOPLIST_KEY_UIMainStoryboardFile = Main;
				INFOPLIST_KEY_UISupportedInterfaceOrientations_iPad = "UIInterfaceOrientationPortrait UIInterfaceOrientationPortraitUpsideDown UIInterfaceOrientationLandscapeLeft UIInterfaceOrientationLandscapeRight";
				INFOPLIST_KEY_UISupportedInterfaceOrientations_iPhone = "UIInterfaceOrientationPortrait UIInterfaceOrientationLandscapeLeft UIInterfaceOrientationLandscapeRight";
				LD_RUNPATH_SEARCH_PATHS = (
					"$(inherited)",
					"@executable_path/Frameworks",
				);
				MARKETING_VERSION = 1.0;
				PRODUCT_BUNDLE_IDENTIFIER = com.nicholasStamoulis.InstagramFirestoreClone;
				PRODUCT_NAME = "$(TARGET_NAME)";
				SWIFT_EMIT_LOC_STRINGS = YES;
				SWIFT_VERSION = 5.0;
				TARGETED_DEVICE_FAMILY = "1,2";
			};
			name = Release;
		};
/* End XCBuildConfiguration section */

/* Begin XCConfigurationList section */
		3E20CF6D2B990836001A6B6D /* Build configuration list for PBXProject "InstagramFirestoreClone" */ = {
			isa = XCConfigurationList;
			buildConfigurations = (
				3E20CF842B990837001A6B6D /* Debug */,
				3E20CF852B990837001A6B6D /* Release */,
			);
			defaultConfigurationIsVisible = 0;
			defaultConfigurationName = Release;
		};
		3E20CF862B990837001A6B6D /* Build configuration list for PBXNativeTarget "InstagramFirestoreClone" */ = {
			isa = XCConfigurationList;
			buildConfigurations = (
				3E20CF872B990837001A6B6D /* Debug */,
				3E20CF882B990837001A6B6D /* Release */,
			);
			defaultConfigurationIsVisible = 0;
			defaultConfigurationName = Release;
		};
/* End XCConfigurationList section */
	};
	rootObject = 3E20CF6A2B990836001A6B6D /* Project object */;
}
